
Microsoft Visual Studio Solution File, Format Version 12.00
# Visual Studio Version 17
VisualStudioVersion = 17.14.36301.6 d17.14
MinimumVisualStudioVersion = 10.0.40219.1
Project("{8BC9CEB8-8B4A-11D0-8D11-00A0C91BC942}") = "TDI", "TDI\TDI.vcxproj", "{5DA27841-8556-4345-8653-C3A50ABF6691}"
EndProject
Global
	GlobalSection(SolutionConfigurationPlatforms) = preSolution
		Debug|x64 = Debug|x64
		Debug|x86 = Debug|x86
		Release|x64 = Release|x64
		Release|x86 = Release|x86
	EndGlobalSection
	GlobalSection(ProjectConfigurationPlatforms) = postSolution
		{5DA27841-8556-4345-8653-C3A50ABF6691}.Debug|x64.ActiveCfg = Debug|x64
		{5DA27841-8556-4345-8653-C3A50ABF6691}.Debug|x64.Build.0 = Debug|x64
		{5DA27841-8556-4345-8653-C3A50ABF6691}.Debug|x86.ActiveCfg = Debug|Win32
		{5DA27841-8556-4345-8653-C3A50ABF6691}.Debug|x86.Build.0 = Debug|Win32
		{5DA27841-8556-4345-8653-C3A50ABF6691}.Release|x64.ActiveCfg = Release|x64
		{5DA27841-8556-4345-8653-C3A50ABF6691}.Release|x64.Build.0 = Release|x64
		{5DA27841-8556-4345-8653-C3A50ABF6691}.Release|x86.ActiveCfg = Release|Win32
		{5DA27841-8556-4345-8653-C3A50ABF6691}.Release|x86.Build.0 = Release|Win32
	EndGlobalSection
	GlobalSection(SolutionProperties) = preSolution
		HideSolutionNode = FALSE
	EndGlobalSection
	GlobalSection(ExtensibilityGlobals) = postSolution
		SolutionGuid = {FC639FBA-50E8-49EF-A17B-46E04C7A4139}
	EndGlobalSection
EndGlobal
